
Microsoft Visual Studio Solution File, Format Version 12.00
# Visual Studio Version 16
VisualStudioVersion = 16.0.31205.134
MinimumVisualStudioVersion = 10.0.40219.1
Project("{8BC9CEB8-8B4A-11D0-8D11-00A0C91BC942}") = "rain-csgo-base", "rain-csgo-base.vcxproj", "{03E873BE-337F-4E5D-BFC6-7732C298751E}"
EndProject
Global
	GlobalSection(SolutionConfigurationPlatforms) = preSolution
		Debug|x64 = Debug|x64
		Debug|x86 = Debug|x86
		Release|x64 = Release|x64
		Release|x86 = Release|x86
	EndGlobalSection
	GlobalSection(ProjectConfigurationPlatforms) = postSolution
		{03E873BE-337F-4E5D-BFC6-7732C298751E}.Debug|x64.ActiveCfg = Debug|x64
		{03E873BE-337F-4E5D-BFC6-7732C298751E}.Debug|x64.Build.0 = Debug|x64
		{03E873BE-337F-4E5D-BFC6-7732C298751E}.Debug|x86.ActiveCfg = Debug|Win32
		{03E873BE-337F-4E5D-BFC6-7732C298751E}.Debug|x86.Build.0 = Debug|Win32
		{03E873BE-337F-4E5D-BFC6-7732C298751E}.Release|x64.ActiveCfg = Release|x64
		{03E873BE-337F-4E5D-BFC6-7732C298751E}.Release|x64.Build.0 = Release|x64
		{03E873BE-337F-4E5D-BFC6-7732C298751E}.Release|x86.ActiveCfg = Release|Win32
		{03E873BE-337F-4E5D-BFC6-7732C298751E}.Release|x86.Build.0 = Release|Win32
	EndGlobalSection
	GlobalSection(SolutionProperties) = preSolution
		HideSolutionNode = FALSE
	EndGlobalSection
	GlobalSection(ExtensibilityGlobals) = postSolution
		SolutionGuid = {17697A82-BA8A-4B14-80AD-A3515D08D4D4}
	EndGlobalSection
EndGlobal
